// !$*UTF8*$!
{
	archiveVersion = 1;
	classes = {
	};
	objectVersion = 50;
	objects = {

/* Begin PBXBuildFile section */
		3C41D77425F3C8E70072FE15 /* LightsHeader.swift in Sources */ = {isa = PBXBuildFile; fileRef = 3C41D77325F3C8E70072FE15 /* LightsHeader.swift */; };
		3C876E9125D8423300F93455 /* LampMonitorApp.swift in Sources */ = {isa = PBXBuildFile; fileRef = 3C876E9025D8423300F93455 /* LampMonitorApp.swift */; };
		3C876E9525D8423400F93455 /* Assets.xcassets in Resources */ = {isa = PBXBuildFile; fileRef = 3C876E9425D8423400F93455 /* Assets.xcassets */; };
		3C876E9825D8423400F93455 /* Preview Assets.xcassets in Resources */ = {isa = PBXBuildFile; fileRef = 3C876E9725D8423400F93455 /* Preview Assets.xcassets */; };
		3C876EA125D8425300F93455 /* StackLampRow.swift in Sources */ = {isa = PBXBuildFile; fileRef = 3C876EA025D8425300F93455 /* StackLampRow.swift */; };
		3C876EA425D8427300F93455 /* Model.swift in Sources */ = {isa = PBXBuildFile; fileRef = 3C876EA325D8427300F93455 /* Model.swift */; };
		3C876EA725D8480800F93455 /* TestData.swift in Sources */ = {isa = PBXBuildFile; fileRef = 3C876EA625D8480800F93455 /* TestData.swift */; };
		3C876EAE25D8533700F93455 /* Date.swift in Sources */ = {isa = PBXBuildFile; fileRef = 3C876EAD25D8533700F93455 /* Date.swift */; };
		3C876EB125D8552E00F93455 /* TestData+Previews.swift in Sources */ = {isa = PBXBuildFile; fileRef = 3C876EB025D8552E00F93455 /* TestData+Previews.swift */; };
		3C876EB625DAE29F00F93455 /* LampRecordsView.swift in Sources */ = {isa = PBXBuildFile; fileRef = 3C876EB525DAE29F00F93455 /* LampRecordsView.swift */; };
		3C90D82F25F3DE7A00608D60 /* LazyGridLampsView.swift in Sources */ = {isa = PBXBuildFile; fileRef = 3C90D82E25F3DE7A00608D60 /* LazyGridLampsView.swift */; };
/* End PBXBuildFile section */

/* Begin PBXFileReference section */
		3C41D77325F3C8E70072FE15 /* LightsHeader.swift */ = {isa = PBXFileReference; lastKnownFileType = sourcecode.swift; path = LightsHeader.swift; sourceTree = "<group>"; };
		3C876E8D25D8423300F93455 /* LampMonitor.app */ = {isa = PBXFileReference; explicitFileType = wrapper.application; includeInIndex = 0; path = LampMonitor.app; sourceTree = BUILT_PRODUCTS_DIR; };
		3C876E9025D8423300F93455 /* LampMonitorApp.swift */ = {isa = PBXFileReference; lastKnownFileType = sourcecode.swift; path = LampMonitorApp.swift; sourceTree = "<group>"; };
		3C876E9425D8423400F93455 /* Assets.xcassets */ = {isa = PBXFileReference; lastKnownFileType = folder.assetcatalog; path = Assets.xcassets; sourceTree = "<group>"; };
		3C876E9725D8423400F93455 /* Preview Assets.xcassets */ = {isa = PBXFileReference; lastKnownFileType = folder.assetcatalog; path = "Preview Assets.xcassets"; sourceTree = "<group>"; };
		3C876E9925D8423400F93455 /* Info.plist */ = {isa = PBXFileReference; lastKnownFileType = text.plist.xml; path = Info.plist; sourceTree = "<group>"; };
		3C876EA025D8425300F93455 /* StackLampRow.swift */ = {isa = PBXFileReference; lastKnownFileType = sourcecode.swift; path = StackLampRow.swift; sourceTree = "<group>"; };
		3C876EA325D8427300F93455 /* Model.swift */ = {isa = PBXFileReference; lastKnownFileType = sourcecode.swift; path = Model.swift; sourceTree = "<group>"; };
		3C876EA625D8480800F93455 /* TestData.swift */ = {isa = PBXFileReference; lastKnownFileType = sourcecode.swift; path = TestData.swift; sourceTree = "<group>"; };
		3C876EAD25D8533700F93455 /* Date.swift */ = {isa = PBXFileReference; lastKnownFileType = sourcecode.swift; path = Date.swift; sourceTree = "<group>"; };
		3C876EB025D8552E00F93455 /* TestData+Previews.swift */ = {isa = PBXFileReference; lastKnownFileType = sourcecode.swift; path = "TestData+Previews.swift"; sourceTree = "<group>"; };
		3C876EB525DAE29F00F93455 /* LampRecordsView.swift */ = {isa = PBXFileReference; lastKnownFileType = sourcecode.swift; path = LampRecordsView.swift; sourceTree = "<group>"; };
		3C90D82E25F3DE7A00608D60 /* LazyGridLampsView.swift */ = {isa = PBXFileReference; lastKnownFileType = sourcecode.swift; path = LazyGridLampsView.swift; sourceTree = "<group>"; };
/* End PBXFileReference section */

/* Begin PBXFrameworksBuildPhase section */
		3C876E8A25D8423300F93455 /* Frameworks */ = {
			isa = PBXFrameworksBuildPhase;
			buildActionMask = 2147483647;
			files = (
			);
			runOnlyForDeploymentPostprocessing = 0;
		};
/* End PBXFrameworksBuildPhase section */

/* Begin PBXGroup section */
		3C876E8425D8423300F93455 = {
			isa = PBXGroup;
			children = (
				3C876E8F25D8423300F93455 /* LampMonitor */,
				3C876E8E25D8423300F93455 /* Products */,
			);
			sourceTree = "<group>";
		};
		3C876E8E25D8423300F93455 /* Products */ = {
			isa = PBXGroup;
			children = (
				3C876E8D25D8423300F93455 /* LampMonitor.app */,
			);
			name = Products;
			sourceTree = "<group>";
		};
		3C876E8F25D8423300F93455 /* LampMonitor */ = {
			isa = PBXGroup;
			children = (
				3C876E9025D8423300F93455 /* LampMonitorApp.swift */,
				3C876EB525DAE29F00F93455 /* LampRecordsView.swift */,
				3C876EA025D8425300F93455 /* StackLampRow.swift */,
				3C90D82E25F3DE7A00608D60 /* LazyGridLampsView.swift */,
				3C41D77325F3C8E70072FE15 /* LightsHeader.swift */,
				3C876EA325D8427300F93455 /* Model.swift */,
				3C876EA625D8480800F93455 /* TestData.swift */,
				3C876EAD25D8533700F93455 /* Date.swift */,
				3C876E9425D8423400F93455 /* Assets.xcassets */,
				3C876E9925D8423400F93455 /* Info.plist */,
				3C876E9625D8423400F93455 /* Preview Content */,
			);
			path = LampMonitor;
			sourceTree = "<group>";
		};
		3C876E9625D8423400F93455 /* Preview Content */ = {
			isa = PBXGroup;
			children = (
				3C876E9725D8423400F93455 /* Preview Assets.xcassets */,
				3C876EB025D8552E00F93455 /* TestData+Previews.swift */,
			);
			path = "Preview Content";
			sourceTree = "<group>";
		};
/* End PBXGroup section */

/* Begin PBXNativeTarget section */
		3C876E8C25D8423300F93455 /* LampMonitor */ = {
			isa = PBXNativeTarget;
			buildConfigurationList = 3C876E9C25D8423400F93455 /* Build configuration list for PBXNativeTarget "LampMonitor" */;
			buildPhases = (
				3C876E8925D8423300F93455 /* Sources */,
				3C876E8A25D8423300F93455 /* Frameworks */,
				3C876E8B25D8423300F93455 /* Resources */,
			);
			buildRules = (
			);
			dependencies = (
			);
			name = LampMonitor;
			productName = LampMonitor;
			productReference = 3C876E8D25D8423300F93455 /* LampMonitor.app */;
			productType = "com.apple.product-type.application";
		};
/* End PBXNativeTarget section */

/* Begin PBXProject section */
		3C876E8525D8423300F93455 /* Project object */ = {
			isa = PBXProject;
			attributes = {
				LastSwiftUpdateCheck = 1240;
				LastUpgradeCheck = 1240;
				TargetAttributes = {
					3C876E8C25D8423300F93455 = {
						CreatedOnToolsVersion = 12.4;
					};
				};
			};
			buildConfigurationList = 3C876E8825D8423300F93455 /* Build configuration list for PBXProject "LampMonitor" */;
			compatibilityVersion = "Xcode 9.3";
			developmentRegion = en;
			hasScannedForEncodings = 0;
			knownRegions = (
				en,
				Base,
			);
			mainGroup = 3C876E8425D8423300F93455;
			productRefGroup = 3C876E8E25D8423300F93455 /* Products */;
			projectDirPath = "";
			projectRoot = "";
			targets = (
				3C876E8C25D8423300F93455 /* LampMonitor */,
			);
		};
/* End PBXProject section */

/* Begin PBXResourcesBuildPhase section */
		3C876E8B25D8423300F93455 /* Resources */ = {
			isa = PBXResourcesBuildPhase;
			buildActionMask = 2147483647;
			files = (
				3C876E9825D8423400F93455 /* Preview Assets.xcassets in Resources */,
				3C876E9525D8423400F93455 /* Assets.xcassets in Resources */,
			);
			runOnlyForDeploymentPostprocessing = 0;
		};
/* End PBXResourcesBuildPhase section */

/* Begin PBXSourcesBuildPhase section */
		3C876E8925D8423300F93455 /* Sources */ = {
			isa = PBXSourcesBuildPhase;
			buildActionMask = 2147483647;
			files = (
				3C876E9125D8423300F93455 /* LampMonitorApp.swift in Sources */,
				3C90D82F25F3DE7A00608D60 /* LazyGridLampsView.swift in Sources */,
				3C876EAE25D8533700F93455 /* Date.swift in Sources */,
				3C876EB625DAE29F00F93455 /* LampRecordsView.swift in Sources */,
				3C876EB125D8552E00F93455 /* TestData+Previews.swift in Sources */,
				3C876EA125D8425300F93455 /* StackLampRow.swift in Sources */,
				3C41D77425F3C8E70072FE15 /* LightsHeader.swift in Sources */,
				3C876EA725D8480800F93455 /* TestData.swift in Sources */,
				3C876EA425D8427300F93455 /* Model.swift in Sources */,
			);
			runOnlyForDeploymentPostprocessing = 0;
		};
/* End PBXSourcesBuildPhase section */

/* Begin XCBuildConfiguration section */
		3C876E9A25D8423400F93455 /* Debug */ = {
			isa = XCBuildConfiguration;
			buildSettings = {
				ALWAYS_SEARCH_USER_PATHS = NO;
				CLANG_ANALYZER_NONNULL = YES;
				CLANG_ANALYZER_NUMBER_OBJECT_CONVERSION = YES_AGGRESSIVE;
				CLANG_CXX_LANGUAGE_STANDARD = "gnu++14";
				CLANG_CXX_LIBRARY = "libc++";
				CLANG_ENABLE_MODULES = YES;
				CLANG_ENABLE_OBJC_ARC = YES;
				CLANG_ENABLE_OBJC_WEAK = YES;
				CLANG_WARN_BLOCK_CAPTURE_AUTORELEASING = YES;
				CLANG_WARN_BOOL_CONVERSION = YES;
				CLANG_WARN_COMMA = YES;
				CLANG_WARN_CONSTANT_CONVERSION = YES;
				CLANG_WARN_DEPRECATED_OBJC_IMPLEMENTATIONS = YES;
				CLANG_WARN_DIRECT_OBJC_ISA_USAGE = YES_ERROR;
				CLANG_WARN_DOCUMENTATION_COMMENTS = YES;
				CLANG_WARN_EMPTY_BODY = YES;
				CLANG_WARN_ENUM_CONVERSION = YES;
				CLANG_WARN_INFINITE_RECURSION = YES;
				CLANG_WARN_INT_CONVERSION = YES;
				CLANG_WARN_NON_LITERAL_NULL_CONVERSION = YES;
				CLANG_WARN_OBJC_IMPLICIT_RETAIN_SELF = YES;
				CLANG_WARN_OBJC_LITERAL_CONVERSION = YES;
				CLANG_WARN_OBJC_ROOT_CLASS = YES_ERROR;
				CLANG_WARN_QUOTED_INCLUDE_IN_FRAMEWORK_HEADER = YES;
				CLANG_WARN_RANGE_LOOP_ANALYSIS = YES;
				CLANG_WARN_STRICT_PROTOTYPES = YES;
				CLANG_WARN_SUSPICIOUS_MOVE = YES;
				CLANG_WARN_UNGUARDED_AVAILABILITY = YES_AGGRESSIVE;
				CLANG_WARN_UNREACHABLE_CODE = YES;
				CLANG_WARN__DUPLICATE_METHOD_MATCH = YES;
				COPY_PHASE_STRIP = NO;
				DEBUG_INFORMATION_FORMAT = dwarf;
				ENABLE_STRICT_OBJC_MSGSEND = YES;
				ENABLE_TESTABILITY = YES;
				GCC_C_LANGUAGE_STANDARD = gnu11;
				GCC_DYNAMIC_NO_PIC = NO;
				GCC_NO_COMMON_BLOCKS = YES;
				GCC_OPTIMIZATION_LEVEL = 0;
				GCC_PREPROCESSOR_DEFINITIONS = (
					"DEBUG=1",
					"$(inherited)",
				);
				GCC_WARN_64_TO_32_BIT_CONVERSION = YES;
				GCC_WARN_ABOUT_RETURN_TYPE = YES_ERROR;
				GCC_WARN_UNDECLARED_SELECTOR = YES;
				GCC_WARN_UNINITIALIZED_AUTOS = YES_AGGRESSIVE;
				GCC_WARN_UNUSED_FUNCTION = YES;
				GCC_WARN_UNUSED_VARIABLE = YES;
				IPHONEOS_DEPLOYMENT_TARGET = 14.4;
				MTL_ENABLE_DEBUG_INFO = INCLUDE_SOURCE;
				MTL_FAST_MATH = YES;
				ONLY_ACTIVE_ARCH = YES;
				SDKROOT = iphoneos;
				SWIFT_ACTIVE_COMPILATION_CONDITIONS = DEBUG;
				SWIFT_OPTIMIZATION_LEVEL = "-Onone";
			};
			name = Debug;
		};
		3C876E9B25D8423400F93455 /* Release */ = {
			isa = XCBuildConfiguration;
			buildSettings = {
				ALWAYS_SEARCH_USER_PATHS = NO;
				CLANG_ANALYZER_NONNULL = YES;
				CLANG_ANALYZER_NUMBER_OBJECT_CONVERSION = YES_AGGRESSIVE;
				CLANG_CXX_LANGUAGE_STANDARD = "gnu++14";
				CLANG_CXX_LIBRARY = "libc++";
				CLANG_ENABLE_MODULES = YES;
				CLANG_ENABLE_OBJC_ARC = YES;
				CLANG_ENABLE_OBJC_WEAK = YES;
				CLANG_WARN_BLOCK_CAPTURE_AUTORELEASING = YES;
				CLANG_WARN_BOOL_CONVERSION = YES;
				CLANG_WARN_COMMA = YES;
				CLANG_WARN_CONSTANT_CONVERSION = YES;
				CLANG_WARN_DEPRECATED_OBJC_IMPLEMENTATIONS = YES;
				CLANG_WARN_DIRECT_OBJC_ISA_USAGE = YES_ERROR;
				CLANG_WARN_DOCUMENTATION_COMMENTS = YES;
				CLANG_WARN_EMPTY_BODY = YES;
				CLANG_WARN_ENUM_CONVERSION = YES;
				CLANG_WARN_INFINITE_RECURSION = YES;
				CLANG_WARN_INT_CONVERSION = YES;
				CLANG_WARN_NON_LITERAL_NULL_CONVERSION = YES;
				CLANG_WARN_OBJC_IMPLICIT_RETAIN_SELF = YES;
				CLANG_WARN_OBJC_LITERAL_CONVERSION = YES;
				CLANG_WARN_OBJC_ROOT_CLASS = YES_ERROR;
				CLANG_WARN_QUOTED_INCLUDE_IN_FRAMEWORK_HEADER = YES;
				CLANG_WARN_RANGE_LOOP_ANALYSIS = YES;
				CLANG_WARN_STRICT_PROTOTYPES = YES;
				CLANG_WARN_SUSPICIOUS_MOVE = YES;
				CLANG_WARN_UNGUARDED_AVAILABILITY = YES_AGGRESSIVE;
				CLANG_WARN_UNREACHABLE_CODE = YES;
				CLANG_WARN__DUPLICATE_METHOD_MATCH = YES;
				COPY_PHASE_STRIP = NO;
				DEBUG_INFORMATION_FORMAT = "dwarf-with-dsym";
				ENABLE_NS_ASSERTIONS = NO;
				ENABLE_STRICT_OBJC_MSGSEND = YES;
				GCC_C_LANGUAGE_STANDARD = gnu11;
				GCC_NO_COMMON_BLOCKS = YES;
				GCC_WARN_64_TO_32_BIT_CONVERSION = YES;
				GCC_WARN_ABOUT_RETURN_TYPE = YES_ERROR;
				GCC_WARN_UNDECLARED_SELECTOR = YES;
				GCC_WARN_UNINITIALIZED_AUTOS = YES_AGGRESSIVE;
				GCC_WARN_UNUSED_FUNCTION = YES;
				GCC_WARN_UNUSED_VARIABLE = YES;
				IPHONEOS_DEPLOYMENT_TARGET = 14.4;
				MTL_ENABLE_DEBUG_INFO = NO;
				MTL_FAST_MATH = YES;
				SDKROOT = iphoneos;
				SWIFT_COMPILATION_MODE = wholemodule;
				SWIFT_OPTIMIZATION_LEVEL = "-O";
				VALIDATE_PRODUCT = YES;
			};
			name = Release;
		};
		3C876E9D25D8423400F93455 /* Debug */ = {
			isa = XCBuildConfiguration;
			buildSettings = {
				ASSETCATALOG_COMPILER_APPICON_NAME = AppIcon;
				ASSETCATALOG_COMPILER_GLOBAL_ACCENT_COLOR_NAME = AccentColor;
				CODE_SIGN_STYLE = Automatic;
				DEVELOPMENT_ASSET_PATHS = "\"LampMonitor/Preview Content\"";
				DEVELOPMENT_TEAM = WDVRK9UE68;
				ENABLE_PREVIEWS = YES;
				INFOPLIST_FILE = LampMonitor/Info.plist;
				IPHONEOS_DEPLOYMENT_TARGET = 14.0;
				LD_RUNPATH_SEARCH_PATHS = (
					"$(inherited)",
					"@executable_path/Frameworks",
				);
				PRODUCT_BUNDLE_IDENTIFIER = com.adriantineo.LampMonitor;
				PRODUCT_NAME = "$(TARGET_NAME)";
				SWIFT_VERSION = 5.0;
				TARGETED_DEVICE_FAMILY = "1,2";
			};
			name = Debug;
		};
		3C876E9E25D8423400F93455 /* Release */ = {
			isa = XCBuildConfiguration;
			buildSettings = {
				ASSETCATALOG_COMPILER_APPICON_NAME = AppIcon;
				ASSETCATALOG_COMPILER_GLOBAL_ACCENT_COLOR_NAME = AccentColor;
				CODE_SIGN_STYLE = Automatic;
				DEVELOPMENT_ASSET_PATHS = "\"LampMonitor/Preview Content\"";
				DEVELOPMENT_TEAM = WDVRK9UE68;
				ENABLE_PREVIEWS = YES;
				INFOPLIST_FILE = LampMonitor/Info.plist;
				IPHONEOS_DEPLOYMENT_TARGET = 14.0;
				LD_RUNPATH_SEARCH_PATHS = (
					"$(inherited)",
					"@executable_path/Frameworks",
				);
				PRODUCT_BUNDLE_IDENTIFIER = com.adriantineo.LampMonitor;
				PRODUCT_NAME = "$(TARGET_NAME)";
				SWIFT_VERSION = 5.0;
				TARGETED_DEVICE_FAMILY = "1,2";
			};
			name = Release;
		};
/* End XCBuildConfiguration section */

/* Begin XCConfigurationList section */
		3C876E8825D8423300F93455 /* Build configuration list for PBXProject "LampMonitor" */ = {
			isa = XCConfigurationList;
			buildConfigurations = (
				3C876E9A25D8423400F93455 /* Debug */,
				3C876E9B25D8423400F93455 /* Release */,
			);
			defaultConfigurationIsVisible = 0;
			defaultConfigurationName = Release;
		};
		3C876E9C25D8423400F93455 /* Build configuration list for PBXNativeTarget "LampMonitor" */ = {
			isa = XCConfigurationList;
			buildConfigurations = (
				3C876E9D25D8423400F93455 /* Debug */,
				3C876E9E25D8423400F93455 /* Release */,
			);
			defaultConfigurationIsVisible = 0;
			defaultConfigurationName = Release;
		};
/* End XCConfigurationList section */
	};
	rootObject = 3C876E8525D8423300F93455 /* Project object */;
}
